
Microsoft Visual Studio Solution File, Format Version 11.00
# Visual Web Developer Express 2010
Project("{FAE04EC0-301F-11D3-BF4B-00C04F79EFBC}") = "Blog", "Blog\Blog.csproj", "{BD32C503-F0C5-4E40-A28F-CDC9F646B2EF}"
EndProject
Project("{FAE04EC0-301F-11D3-BF4B-00C04F79EFBC}") = "Model", "Model\Model.csproj", "{9521C2BA-F419-4B8A-B942-7ABAC51D9592}"
EndProject
Global
	GlobalSection(SolutionConfigurationPlatforms) = preSolution
		Debug|Any CPU = Debug|Any CPU
		Release|Any CPU = Release|Any CPU
	EndGlobalSection
	GlobalSection(ProjectConfigurationPlatforms) = postSolution
		{BD32C503-F0C5-4E40-A28F-CDC9F646B2EF}.Debug|Any CPU.ActiveCfg = Debug|Any CPU
		{BD32C503-F0C5-4E40-A28F-CDC9F646B2EF}.Debug|Any CPU.Build.0 = Debug|Any CPU
		{BD32C503-F0C5-4E40-A28F-CDC9F646B2EF}.Release|Any CPU.ActiveCfg = Release|Any CPU
		{BD32C503-F0C5-4E40-A28F-CDC9F646B2EF}.Release|Any CPU.Build.0 = Release|Any CPU
		{9521C2BA-F419-4B8A-B942-7ABAC51D9592}.Debug|Any CPU.ActiveCfg = Debug|Any CPU
		{9521C2BA-F419-4B8A-B942-7ABAC51D9592}.Debug|Any CPU.Build.0 = Debug|Any CPU
		{9521C2BA-F419-4B8A-B942-7ABAC51D9592}.Release|Any CPU.ActiveCfg = Release|Any CPU
		{9521C2BA-F419-4B8A-B942-7ABAC51D9592}.Release|Any CPU.Build.0 = Release|Any CPU
	EndGlobalSection
	GlobalSection(SolutionProperties) = preSolution
		HideSolutionNode = FALSE
	EndGlobalSection
EndGlobal
